PODS:
  - Expecta (0.4.0)
  - "Expecta+Snapshots (1.3.2)":
    - Expecta (~> 0.3)
    - FBSnapshotTestCase (= 1.6)
  - FBSnapshotTestCase (1.6)
  - OCMock (3.1.2)
  - Specta (1.0.7)

DEPENDENCIES:
  - Expecta
  - "Expecta+Snapshots"
  - FBSnapshotTestCase
  - OCMock
  - Specta

SPEC REPOS:
  https://github.com/cocoapods/specs.git:
    - Expecta
    - "Expecta+Snapshots"
    - FBSnapshotTestCase
    - OCMock
    - Specta

SPEC CHECKSUMS:
  Expecta: 392a6b5bfb9f4097e47dd8064d9b732079490332
  "Expecta+Snapshots": 40c5ec43b43da3bae957f14fed5dc9177d08ec8b
  FBSnapshotTestCase: 9d5fe43b29ae3a0ed8fc829477971b281038f748
  OCMock: a10ea9f0a6e921651f96f78b6faee95ebc813b92
  Specta: 3e1bd89c3517421982dc4d1c992503e48bd5fe66

PODFILE CHECKSUM: ea1e573157e051cb3635e0bba34da86d7fdf556c

COCOAPODS: 1.5.3
